
Microsoft Visual Studio Solution File, Format Version 12.00
# Visual Studio Version 16
VisualStudioVersion = 16.0.31205.134
MinimumVisualStudioVersion = 10.0.40219.1
Project("{FAE04EC0-301F-11D3-BF4B-00C04F79EFBC}") = "LaboratorioNo2", "LaboratorioNo2.csproj", "{C7C18310-6FD0-4013-9746-107632143195}"
EndProject
Global
	GlobalSection(SolutionConfigurationPlatforms) = preSolution
		Debug|Any CPU = Debug|Any CPU
		Release|Any CPU = Release|Any CPU
	EndGlobalSection
	GlobalSection(ProjectConfigurationPlatforms) = postSolution
		{C7C18310-6FD0-4013-9746-107632143195}.Debug|Any CPU.ActiveCfg = Debug|Any CPU
		{C7C18310-6FD0-4013-9746-107632143195}.Debug|Any CPU.Build.0 = Debug|Any CPU
		{C7C18310-6FD0-4013-9746-107632143195}.Release|Any CPU.ActiveCfg = Release|Any CPU
		{C7C18310-6FD0-4013-9746-107632143195}.Release|Any CPU.Build.0 = Release|Any CPU
	EndGlobalSection
	GlobalSection(SolutionProperties) = preSolution
		HideSolutionNode = FALSE
	EndGlobalSection
	GlobalSection(ExtensibilityGlobals) = postSolution
		SolutionGuid = {52F6A123-CB5F-49BF-B639-169987290147}
	EndGlobalSection
EndGlobal
